// !$*UTF8*$!
{
	archiveVersion = 1;
	classes = {
	};
	objectVersion = 55;
	objects = {

/* Begin PBXBuildFile section */
		3C16F46F27C39D50001116FB /* Crawler.cpp in Sources */ = {isa = PBXBuildFile; fileRef = 3C16F46D27C39D50001116FB /* Crawler.cpp */; };
		3C19948027B51A4D003C6DF3 /* OCSet.cpp in Sources */ = {isa = PBXBuildFile; fileRef = 3C19947E27B51A4D003C6DF3 /* OCSet.cpp */; };
		3C29EA1D279E2D4C0066FE0D /* main.cpp in Sources */ = {isa = PBXBuildFile; fileRef = 3C29EA1C279E2D4C0066FE0D /* main.cpp */; };
		3C29EA20279E2D940066FE0D /* HelloWorld.cpp in Sources */ = {isa = PBXBuildFile; fileRef = 3C29EA1E279E2D940066FE0D /* HelloWorld.cpp */; };
		3C29EA35279EA7BE0066FE0D /* libgumbo.1.dylib in Frameworks */ = {isa = PBXBuildFile; fileRef = 3C29EA2E279E9F480066FE0D /* libgumbo.1.dylib */; };
		3C29EA36279EA7C20066FE0D /* libcpr.1.7.2.dylib in Frameworks */ = {isa = PBXBuildFile; fileRef = 3C29EA2C279E9F2C0066FE0D /* libcpr.1.7.2.dylib */; };
		3C29EA37279EA7C50066FE0D /* libgumbo.a in Frameworks */ = {isa = PBXBuildFile; fileRef = 3C29EA2A279E991D0066FE0D /* libgumbo.a */; };
		3C29EA38279EA7C70066FE0D /* libcpr.a in Frameworks */ = {isa = PBXBuildFile; fileRef = 3C29EA28279E31E10066FE0D /* libcpr.a */; };
		3C29EA42279F2D1E0066FE0D /* Scraper.cpp in Sources */ = {isa = PBXBuildFile; fileRef = 3C29EA41279F2D1E0066FE0D /* Scraper.cpp */; };
		3C29EA5027A2910C0066FE0D /* StockTracker.cpp in Sources */ = {isa = PBXBuildFile; fileRef = 3C29EA4D27A2910C0066FE0D /* StockTracker.cpp */; };
		3C29EA5427A3669B0066FE0D /* MarketTracker.cpp in Sources */ = {isa = PBXBuildFile; fileRef = 3C29EA5227A3669B0066FE0D /* MarketTracker.cpp */; };
/* End PBXBuildFile section */

/* Begin PBXCopyFilesBuildPhase section */
		3C29EA0B279E2BE80066FE0D /* CopyFiles */ = {
			isa = PBXCopyFilesBuildPhase;
			buildActionMask = 2147483647;
			dstPath = /usr/share/man/man1/;
			dstSubfolderSpec = 0;
			files = (
			);
			runOnlyForDeploymentPostprocessing = 1;
		};
/* End PBXCopyFilesBuildPhase section */

/* Begin PBXFileReference section */
		3C16F46D27C39D50001116FB /* Crawler.cpp */ = {isa = PBXFileReference; lastKnownFileType = sourcecode.cpp.cpp; path = Crawler.cpp; sourceTree = "<group>"; };
		3C16F46E27C39D50001116FB /* Crawler.hpp */ = {isa = PBXFileReference; lastKnownFileType = sourcecode.cpp.h; path = Crawler.hpp; sourceTree = "<group>"; };
		3C19947E27B51A4D003C6DF3 /* OCSet.cpp */ = {isa = PBXFileReference; lastKnownFileType = sourcecode.cpp.cpp; path = OCSet.cpp; sourceTree = "<group>"; };
		3C19947F27B51A4D003C6DF3 /* OCSet.hpp */ = {isa = PBXFileReference; lastKnownFileType = sourcecode.cpp.h; path = OCSet.hpp; sourceTree = "<group>"; };
		3C29EA0D279E2BE80066FE0D /* WebScraper */ = {isa = PBXFileReference; explicitFileType = "compiled.mach-o.executable"; includeInIndex = 0; path = WebScraper; sourceTree = BUILT_PRODUCTS_DIR; };
		3C29EA1C279E2D4C0066FE0D /* main.cpp */ = {isa = PBXFileReference; lastKnownFileType = sourcecode.cpp.cpp; path = main.cpp; sourceTree = SOURCE_ROOT; };
		3C29EA1E279E2D940066FE0D /* HelloWorld.cpp */ = {isa = PBXFileReference; lastKnownFileType = sourcecode.cpp.cpp; path = HelloWorld.cpp; sourceTree = SOURCE_ROOT; };
		3C29EA1F279E2D940066FE0D /* HelloWorld.hpp */ = {isa = PBXFileReference; lastKnownFileType = sourcecode.cpp.h; path = HelloWorld.hpp; sourceTree = SOURCE_ROOT; };
		3C29EA26279E31800066FE0D /* include */ = {isa = PBXFileReference; lastKnownFileType = folder; name = include; path = ../../../../../../opt/homebrew/Cellar/cpr/1.7.2/include; sourceTree = "<group>"; };
		3C29EA28279E31E10066FE0D /* libcpr.a */ = {isa = PBXFileReference; lastKnownFileType = archive.ar; name = libcpr.a; path = ../../../../../../opt/homebrew/Cellar/cpr/1.7.2/lib/libcpr.a; sourceTree = "<group>"; };
		3C29EA2A279E991D0066FE0D /* libgumbo.a */ = {isa = PBXFileReference; lastKnownFileType = archive.ar; name = libgumbo.a; path = "../../../../../../opt/homebrew/Cellar/gumbo-parser/0.10.1/lib/libgumbo.a"; sourceTree = "<group>"; };
		3C29EA2C279E9F2C0066FE0D /* libcpr.1.7.2.dylib */ = {isa = PBXFileReference; lastKnownFileType = "compiled.mach-o.dylib"; name = libcpr.1.7.2.dylib; path = ../../../../../../opt/homebrew/Cellar/cpr/1.7.2/lib/libcpr.1.7.2.dylib; sourceTree = "<group>"; };
		3C29EA2E279E9F480066FE0D /* libgumbo.1.dylib */ = {isa = PBXFileReference; lastKnownFileType = "compiled.mach-o.dylib"; name = libgumbo.1.dylib; path = "/Users/siddharthhathi/OneDrive/Everything/Projects/WebScraper/../../../../../../opt/homebrew/Cellar/gumbo-parser/0.10.1/lib/libgumbo.1.dylib"; sourceTree = "<absolute>"; };
		3C29EA3A279EA9880066FE0D /* WebScraper.entitlements */ = {isa = PBXFileReference; lastKnownFileType = text.plist.entitlements; path = WebScraper.entitlements; sourceTree = SOURCE_ROOT; };
		3C29EA3B279F135D0066FE0D /* CMakeLists.txt */ = {isa = PBXFileReference; lastKnownFileType = text; path = CMakeLists.txt; sourceTree = SOURCE_ROOT; };
		3C29EA40279F2D1E0066FE0D /* Scraper.hpp */ = {isa = PBXFileReference; fileEncoding = 4; lastKnownFileType = sourcecode.cpp.h; name = Scraper.hpp; path = Scraper/Scraper.hpp; sourceTree = SOURCE_ROOT; };
		3C29EA41279F2D1E0066FE0D /* Scraper.cpp */ = {isa = PBXFileReference; fileEncoding = 4; lastKnownFileType = sourcecode.cpp.cpp; name = Scraper.cpp; path = Scraper/Scraper.cpp; sourceTree = SOURCE_ROOT; };
		3C29EA43279F50D10066FE0D /* CMakeLists.txt */ = {isa = PBXFileReference; lastKnownFileType = text; name = CMakeLists.txt; path = Scraper/CMakeLists.txt; sourceTree = SOURCE_ROOT; };
		3C29EA4427A0432E0066FE0D /* build */ = {isa = PBXFileReference; lastKnownFileType = folder; path = build; sourceTree = "<group>"; };
		3C29EA4D27A2910C0066FE0D /* StockTracker.cpp */ = {isa = PBXFileReference; fileEncoding = 4; lastKnownFileType = sourcecode.cpp.cpp; path = StockTracker.cpp; sourceTree = "<group>"; };
		3C29EA4E27A2910C0066FE0D /* CMakeLists.txt */ = {isa = PBXFileReference; fileEncoding = 4; lastKnownFileType = text; path = CMakeLists.txt; sourceTree = "<group>"; };
		3C29EA4F27A2910C0066FE0D /* StockTracker.hpp */ = {isa = PBXFileReference; fileEncoding = 4; lastKnownFileType = sourcecode.cpp.h; path = StockTracker.hpp; sourceTree = "<group>"; };
		3C29EA5227A3669B0066FE0D /* MarketTracker.cpp */ = {isa = PBXFileReference; lastKnownFileType = sourcecode.cpp.cpp; path = MarketTracker.cpp; sourceTree = "<group>"; };
		3C29EA5327A3669B0066FE0D /* MarketTracker.hpp */ = {isa = PBXFileReference; lastKnownFileType = sourcecode.cpp.h; path = MarketTracker.hpp; sourceTree = "<group>"; };
/* End PBXFileReference section */

/* Begin PBXFrameworksBuildPhase section */
		3C29EA0A279E2BE80066FE0D /* Frameworks */ = {
			isa = PBXFrameworksBuildPhase;
			buildActionMask = 2147483647;
			files = (
				3C29EA36279EA7C20066FE0D /* libcpr.1.7.2.dylib in Frameworks */,
				3C29EA37279EA7C50066FE0D /* libgumbo.a in Frameworks */,
				3C29EA35279EA7BE0066FE0D /* libgumbo.1.dylib in Frameworks */,
				3C29EA38279EA7C70066FE0D /* libcpr.a in Frameworks */,
			);
			runOnlyForDeploymentPostprocessing = 0;
		};
/* End PBXFrameworksBuildPhase section */

/* Begin PBXGroup section */
		3C16F46C27C39D3D001116FB /* Crawler */ = {
			isa = PBXGroup;
			children = (
				3C16F46D27C39D50001116FB /* Crawler.cpp */,
				3C16F46E27C39D50001116FB /* Crawler.hpp */,
			);
			path = Crawler;
			sourceTree = SOURCE_ROOT;
		};
		3C19947D27B51A2C003C6DF3 /* OCSet */ = {
			isa = PBXGroup;
			children = (
				3C19947E27B51A4D003C6DF3 /* OCSet.cpp */,
				3C19947F27B51A4D003C6DF3 /* OCSet.hpp */,
			);
			path = OCSet;
			sourceTree = SOURCE_ROOT;
		};
		3C29EA04279E2BE80066FE0D = {
			isa = PBXGroup;
			children = (
				3C29EA4427A0432E0066FE0D /* build */,
				3C29EA0F279E2BE80066FE0D /* WebScraper */,
				3C29EA0E279E2BE80066FE0D /* Products */,
				3C29EA25279E31800066FE0D /* Frameworks */,
			);
			sourceTree = "<group>";
		};
		3C29EA0E279E2BE80066FE0D /* Products */ = {
			isa = PBXGroup;
			children = (
				3C29EA0D279E2BE80066FE0D /* WebScraper */,
			);
			name = Products;
			sourceTree = "<group>";
		};
		3C29EA0F279E2BE80066FE0D /* WebScraper */ = {
			isa = PBXGroup;
			children = (
				3C16F46C27C39D3D001116FB /* Crawler */,
				3C19947D27B51A2C003C6DF3 /* OCSet */,
				3C29EA5127A366830066FE0D /* MarketTracker */,
				3C29EA4C27A2910C0066FE0D /* StockTracker */,
				3C29EA3F279F2CF90066FE0D /* Scraper */,
				3C29EA3A279EA9880066FE0D /* WebScraper.entitlements */,
				3C29EA1C279E2D4C0066FE0D /* main.cpp */,
				3C29EA1E279E2D940066FE0D /* HelloWorld.cpp */,
				3C29EA1F279E2D940066FE0D /* HelloWorld.hpp */,
				3C29EA3B279F135D0066FE0D /* CMakeLists.txt */,
			);
			path = WebScraper;
			sourceTree = "<group>";
		};
		3C29EA25279E31800066FE0D /* Frameworks */ = {
			isa = PBXGroup;
			children = (
				3C29EA2E279E9F480066FE0D /* libgumbo.1.dylib */,
				3C29EA2C279E9F2C0066FE0D /* libcpr.1.7.2.dylib */,
				3C29EA2A279E991D0066FE0D /* libgumbo.a */,
				3C29EA28279E31E10066FE0D /* libcpr.a */,
				3C29EA26279E31800066FE0D /* include */,
			);
			name = Frameworks;
			sourceTree = "<group>";
		};
		3C29EA3F279F2CF90066FE0D /* Scraper */ = {
			isa = PBXGroup;
			children = (
				3C29EA41279F2D1E0066FE0D /* Scraper.cpp */,
				3C29EA40279F2D1E0066FE0D /* Scraper.hpp */,
				3C29EA43279F50D10066FE0D /* CMakeLists.txt */,
			);
			path = Scraper;
			sourceTree = "<group>";
		};
		3C29EA4C27A2910C0066FE0D /* StockTracker */ = {
			isa = PBXGroup;
			children = (
				3C29EA4D27A2910C0066FE0D /* StockTracker.cpp */,
				3C29EA4E27A2910C0066FE0D /* CMakeLists.txt */,
				3C29EA4F27A2910C0066FE0D /* StockTracker.hpp */,
			);
			path = StockTracker;
			sourceTree = SOURCE_ROOT;
		};
		3C29EA5127A366830066FE0D /* MarketTracker */ = {
			isa = PBXGroup;
			children = (
				3C29EA5227A3669B0066FE0D /* MarketTracker.cpp */,
				3C29EA5327A3669B0066FE0D /* MarketTracker.hpp */,
			);
			path = MarketTracker;
			sourceTree = SOURCE_ROOT;
		};
/* End PBXGroup section */

/* Begin PBXNativeTarget section */
		3C29EA0C279E2BE80066FE0D /* WebScraper */ = {
			isa = PBXNativeTarget;
			buildConfigurationList = 3C29EA14279E2BE80066FE0D /* Build configuration list for PBXNativeTarget "WebScraper" */;
			buildPhases = (
				3C29EA09279E2BE80066FE0D /* Sources */,
				3C29EA0A279E2BE80066FE0D /* Frameworks */,
				3C29EA0B279E2BE80066FE0D /* CopyFiles */,
			);
			buildRules = (
			);
			dependencies = (
			);
			name = WebScraper;
			productName = WebScraper;
			productReference = 3C29EA0D279E2BE80066FE0D /* WebScraper */;
			productType = "com.apple.product-type.tool";
		};
/* End PBXNativeTarget section */

/* Begin PBXProject section */
		3C29EA05279E2BE80066FE0D /* Project object */ = {
			isa = PBXProject;
			attributes = {
				BuildIndependentTargetsInParallel = 1;
				LastUpgradeCheck = 1320;
				TargetAttributes = {
					3C29EA0C279E2BE80066FE0D = {
						CreatedOnToolsVersion = 13.2.1;
					};
				};
			};
			buildConfigurationList = 3C29EA08279E2BE80066FE0D /* Build configuration list for PBXProject "WebScraper" */;
			compatibilityVersion = "Xcode 13.0";
			developmentRegion = en;
			hasScannedForEncodings = 0;
			knownRegions = (
				en,
				Base,
			);
			mainGroup = 3C29EA04279E2BE80066FE0D;
			productRefGroup = 3C29EA0E279E2BE80066FE0D /* Products */;
			projectDirPath = "";
			projectRoot = "";
			targets = (
				3C29EA0C279E2BE80066FE0D /* WebScraper */,
			);
		};
/* End PBXProject section */

/* Begin PBXSourcesBuildPhase section */
		3C29EA09279E2BE80066FE0D /* Sources */ = {
			isa = PBXSourcesBuildPhase;
			buildActionMask = 2147483647;
			files = (
				3C19948027B51A4D003C6DF3 /* OCSet.cpp in Sources */,
				3C29EA5427A3669B0066FE0D /* MarketTracker.cpp in Sources */,
				3C29EA42279F2D1E0066FE0D /* Scraper.cpp in Sources */,
				3C16F46F27C39D50001116FB /* Crawler.cpp in Sources */,
				3C29EA5027A2910C0066FE0D /* StockTracker.cpp in Sources */,
				3C29EA1D279E2D4C0066FE0D /* main.cpp in Sources */,
				3C29EA20279E2D940066FE0D /* HelloWorld.cpp in Sources */,
			);
			runOnlyForDeploymentPostprocessing = 0;
		};
/* End PBXSourcesBuildPhase section */

/* Begin XCBuildConfiguration section */
		3C29EA12279E2BE80066FE0D /* Debug */ = {
			isa = XCBuildConfiguration;
			buildSettings = {
				ALWAYS_SEARCH_USER_PATHS = NO;
				CLANG_ANALYZER_NONNULL = YES;
				CLANG_ANALYZER_NUMBER_OBJECT_CONVERSION = YES_AGGRESSIVE;
				CLANG_CXX_LANGUAGE_STANDARD = "gnu++17";
				CLANG_CXX_LIBRARY = "libc++";
				CLANG_ENABLE_MODULES = YES;
				CLANG_ENABLE_OBJC_ARC = YES;
				CLANG_ENABLE_OBJC_WEAK = YES;
				CLANG_WARN_BLOCK_CAPTURE_AUTORELEASING = YES;
				CLANG_WARN_BOOL_CONVERSION = YES;
				CLANG_WARN_COMMA = YES;
				CLANG_WARN_CONSTANT_CONVERSION = YES;
				CLANG_WARN_DEPRECATED_OBJC_IMPLEMENTATIONS = YES;
				CLANG_WARN_DIRECT_OBJC_ISA_USAGE = YES_ERROR;
				CLANG_WARN_DOCUMENTATION_COMMENTS = YES;
				CLANG_WARN_EMPTY_BODY = YES;
				CLANG_WARN_ENUM_CONVERSION = YES;
				CLANG_WARN_INFINITE_RECURSION = YES;
				CLANG_WARN_INT_CONVERSION = YES;
				CLANG_WARN_NON_LITERAL_NULL_CONVERSION = YES;
				CLANG_WARN_OBJC_IMPLICIT_RETAIN_SELF = YES;
				CLANG_WARN_OBJC_LITERAL_CONVERSION = YES;
				CLANG_WARN_OBJC_ROOT_CLASS = YES_ERROR;
				CLANG_WARN_QUOTED_INCLUDE_IN_FRAMEWORK_HEADER = YES;
				CLANG_WARN_RANGE_LOOP_ANALYSIS = YES;
				CLANG_WARN_STRICT_PROTOTYPES = YES;
				CLANG_WARN_SUSPICIOUS_MOVE = YES;
				CLANG_WARN_UNGUARDED_AVAILABILITY = YES_AGGRESSIVE;
				CLANG_WARN_UNREACHABLE_CODE = YES;
				CLANG_WARN__DUPLICATE_METHOD_MATCH = YES;
				COPY_PHASE_STRIP = NO;
				DEBUG_INFORMATION_FORMAT = dwarf;
				ENABLE_STRICT_OBJC_MSGSEND = YES;
				ENABLE_TESTABILITY = YES;
				GCC_C_LANGUAGE_STANDARD = gnu11;
				GCC_DYNAMIC_NO_PIC = NO;
				GCC_NO_COMMON_BLOCKS = YES;
				GCC_OPTIMIZATION_LEVEL = 0;
				GCC_PREPROCESSOR_DEFINITIONS = (
					"DEBUG=1",
					"$(inherited)",
				);
				GCC_WARN_64_TO_32_BIT_CONVERSION = YES;
				GCC_WARN_ABOUT_RETURN_TYPE = YES_ERROR;
				GCC_WARN_UNDECLARED_SELECTOR = YES;
				GCC_WARN_UNINITIALIZED_AUTOS = YES_AGGRESSIVE;
				GCC_WARN_UNUSED_FUNCTION = YES;
				GCC_WARN_UNUSED_VARIABLE = YES;
				LIBRARY_SEARCH_PATHS = /opt/homebrew/Cellar/cpr/1.7.2/lib/;
				MACOSX_DEPLOYMENT_TARGET = 12.1;
				MTL_ENABLE_DEBUG_INFO = INCLUDE_SOURCE;
				MTL_FAST_MATH = YES;
				ONLY_ACTIVE_ARCH = YES;
				OTHER_LDFLAGS = (
					"-lcurl",
					"-lcpr",
				);
				SDKROOT = macosx;
				SYSTEM_HEADER_SEARCH_PATHS = (
					"<Multiple",
					"values>",
					/opt/homebrew/Cellar/cpr/1.7.2/include/,
					"/opt/homebrewWebScraper::WebScraper(string",
					"urlStr)",
					"{",
					m_url,
					"=",
					new,
					"Url{",
					urlStr,
					"};",
					"/opt/homebrew/Cellar/gumbo-parser/0.10.1/include/",
				);
			};
			name = Debug;
		};
		3C29EA13279E2BE80066FE0D /* Release */ = {
			isa = XCBuildConfiguration;
			buildSettings = {
				ALWAYS_SEARCH_USER_PATHS = NO;
				CLANG_ANALYZER_NONNULL = YES;
				CLANG_ANALYZER_NUMBER_OBJECT_CONVERSION = YES_AGGRESSIVE;
				CLANG_CXX_LANGUAGE_STANDARD = "gnu++17";
				CLANG_CXX_LIBRARY = "libc++";
				CLANG_ENABLE_MODULES = YES;
				CLANG_ENABLE_OBJC_ARC = YES;
				CLANG_ENABLE_OBJC_WEAK = YES;
				CLANG_WARN_BLOCK_CAPTURE_AUTORELEASING = YES;
				CLANG_WARN_BOOL_CONVERSION = YES;
				CLANG_WARN_COMMA = YES;
				CLANG_WARN_CONSTANT_CONVERSION = YES;
				CLANG_WARN_DEPRECATED_OBJC_IMPLEMENTATIONS = YES;
				CLANG_WARN_DIRECT_OBJC_ISA_USAGE = YES_ERROR;
				CLANG_WARN_DOCUMENTATION_COMMENTS = YES;
				CLANG_WARN_EMPTY_BODY = YES;
				CLANG_WARN_ENUM_CONVERSION = YES;
				CLANG_WARN_INFINITE_RECURSION = YES;
				CLANG_WARN_INT_CONVERSION = YES;
				CLANG_WARN_NON_LITERAL_NULL_CONVERSION = YES;
				CLANG_WARN_OBJC_IMPLICIT_RETAIN_SELF = YES;
				CLANG_WARN_OBJC_LITERAL_CONVERSION = YES;
				CLANG_WARN_OBJC_ROOT_CLASS = YES_ERROR;
				CLANG_WARN_QUOTED_INCLUDE_IN_FRAMEWORK_HEADER = YES;
				CLANG_WARN_RANGE_LOOP_ANALYSIS = YES;
				CLANG_WARN_STRICT_PROTOTYPES = YES;
				CLANG_WARN_SUSPICIOUS_MOVE = YES;
				CLANG_WARN_UNGUARDED_AVAILABILITY = YES_AGGRESSIVE;
				CLANG_WARN_UNREACHABLE_CODE = YES;
				CLANG_WARN__DUPLICATE_METHOD_MATCH = YES;
				COPY_PHASE_STRIP = NO;
				DEBUG_INFORMATION_FORMAT = "dwarf-with-dsym";
				ENABLE_NS_ASSERTIONS = NO;
				ENABLE_STRICT_OBJC_MSGSEND = YES;
				GCC_C_LANGUAGE_STANDARD = gnu11;
				GCC_NO_COMMON_BLOCKS = YES;
				GCC_WARN_64_TO_32_BIT_CONVERSION = YES;
				GCC_WARN_ABOUT_RETURN_TYPE = YES_ERROR;
				GCC_WARN_UNDECLARED_SELECTOR = YES;
				GCC_WARN_UNINITIALIZED_AUTOS = YES_AGGRESSIVE;
				GCC_WARN_UNUSED_FUNCTION = YES;
				GCC_WARN_UNUSED_VARIABLE = YES;
				LIBRARY_SEARCH_PATHS = /opt/homebrew/Cellar/cpr/1.7.2/lib/;
				MACOSX_DEPLOYMENT_TARGET = 12.1;
				MTL_ENABLE_DEBUG_INFO = NO;
				MTL_FAST_MATH = YES;
				OTHER_LDFLAGS = (
					"-lcurl",
					"-lcpr",
				);
				SDKROOT = macosx;
				SYSTEM_HEADER_SEARCH_PATHS = (
					"<Multiple",
					"values>",
					/opt/homebrew/Cellar/cpr/1.7.2/include/,
					"/opt/homebrewWebScraper::WebScraper(string",
					"urlStr)",
					"{",
					m_url,
					"=",
					new,
					"Url{",
					urlStr,
					"};",
					"/opt/homebrew/Cellar/gumbo-parser/0.10.1/include/",
				);
			};
			name = Release;
		};
		3C29EA15279E2BE80066FE0D /* Debug */ = {
			isa = XCBuildConfiguration;
			buildSettings = {
				CODE_SIGN_ENTITLEMENTS = WebScraper.entitlements;
				CODE_SIGN_IDENTITY = "Apple Development";
				CODE_SIGN_STYLE = Manual;
				DEVELOPMENT_TEAM = DRKH8X25XM;
				ENABLE_HARDENED_RUNTIME = YES;
				HEADER_SEARCH_PATHS = /opt/homebrew/include;
				INFOPLIST_FILE = "$(SRCROOT)/Property List.plist";
				LIBRARY_SEARCH_PATHS = /opt/homebrew/lib;
				PRODUCT_NAME = "$(TARGET_NAME)";
				PROVISIONING_PROFILE_SPECIFIER = "";
				SYSTEM_HEADER_SEARCH_PATHS = "";
			};
			name = Debug;
		};
		3C29EA16279E2BE80066FE0D /* Release */ = {
			isa = XCBuildConfiguration;
			buildSettings = {
				CODE_SIGN_ENTITLEMENTS = WebScraper.entitlements;
				CODE_SIGN_IDENTITY = "Apple Development";
				CODE_SIGN_STYLE = Manual;
				DEVELOPMENT_TEAM = DRKH8X25XM;
				ENABLE_HARDENED_RUNTIME = YES;
				HEADER_SEARCH_PATHS = /opt/homebrew/include;
				"HEADER_SEARCH_PATHS[arch=*]" = "";
				INFOPLIST_FILE = "$(SRCROOT)/Property List.plist";
				LIBRARY_SEARCH_PATHS = /opt/homebrew/lib;
				PRODUCT_NAME = "$(TARGET_NAME)";
				PROVISIONING_PROFILE_SPECIFIER = "";
				SYSTEM_HEADER_SEARCH_PATHS = "";
			};
			name = Release;
		};
/* End XCBuildConfiguration section */

/* Begin XCConfigurationList section */
		3C29EA08279E2BE80066FE0D /* Build configuration list for PBXProject "WebScraper" */ = {
			isa = XCConfigurationList;
			buildConfigurations = (
				3C29EA12279E2BE80066FE0D /* Debug */,
				3C29EA13279E2BE80066FE0D /* Release */,
			);
			defaultConfigurationIsVisible = 0;
			defaultConfigurationName = Release;
		};
		3C29EA14279E2BE80066FE0D /* Build configuration list for PBXNativeTarget "WebScraper" */ = {
			isa = XCConfigurationList;
			buildConfigurations = (
				3C29EA15279E2BE80066FE0D /* Debug */,
				3C29EA16279E2BE80066FE0D /* Release */,
			);
			defaultConfigurationIsVisible = 0;
			defaultConfigurationName = Release;
		};
/* End XCConfigurationList section */
	};
	rootObject = 3C29EA05279E2BE80066FE0D /* Project object */;
}
